
Microsoft Visual Studio Solution File, Format Version 12.00
# Visual Studio Version 17
VisualStudioVersion = 17.3.32819.101
MinimumVisualStudioVersion = 10.0.40219.1
Project("{FAE04EC0-301F-11D3-BF4B-00C04F79EFBC}") = "PingPong", "PingPong.csproj", "{7AA77381-8279-4423-B790-9367F60B7A17}"
EndProject
Global
	GlobalSection(SolutionConfigurationPlatforms) = preSolution
		Debug|Any CPU = Debug|Any CPU
		Release|Any CPU = Release|Any CPU
	EndGlobalSection
	GlobalSection(ProjectConfigurationPlatforms) = postSolution
		{7AA77381-8279-4423-B790-9367F60B7A17}.Debug|Any CPU.ActiveCfg = Debug|Any CPU
		{7AA77381-8279-4423-B790-9367F60B7A17}.Debug|Any CPU.Build.0 = Debug|Any CPU
		{7AA77381-8279-4423-B790-9367F60B7A17}.Release|Any CPU.ActiveCfg = Release|Any CPU
		{7AA77381-8279-4423-B790-9367F60B7A17}.Release|Any CPU.Build.0 = Release|Any CPU
	EndGlobalSection
	GlobalSection(SolutionProperties) = preSolution
		HideSolutionNode = FALSE
	EndGlobalSection
	GlobalSection(ExtensibilityGlobals) = postSolution
		SolutionGuid = {244E5715-367A-4B29-A827-2098393D4C5F}
	EndGlobalSection
EndGlobal
